github.com/caarlos0/env/v6 v6.10.1 h1:t1mPSxNpei6M5yAeu1qtRdPAK29Nbcf/n3G7x+b3/II=
github.com/caarlos0/env/v6 v6.10.1/go.mod h1:hvp/ryKXKipEkcuYjs9mI4bBCg+UI0Yhgm5Zu0ddvwc=
github.com/go-kit/log v0.2.1 h1:MRVx0/zhvdseW+Gza6N9rVzU/IVzaeE1SFI4raAhmBU=
github.com/go-kit/log v0.2.1/go.mod h1:NwTd00d/i8cPZ3xOwwiv2PO5MOcx78fFErGNcVmBjv0=
github.com/go-logfmt/logfmt v0.5.1 h1:otpy5pqBCBZ1ng9RQ0dPu4PN7ba75Y/aA+UpowDyNVA=
github.com/go-logfmt/logfmt v0.5.1/go.mod h1:WYhtIu8zTZfxdn5+rREduYbwxfcBr/Vr6KEVveWlfTs=
golang.org/x/sync v0.3.0 h1:ftCYgMx6zT/asHUrPw8BLLscYtGznsLAnjq5RH9P66E=
golang.org/x/sync v0.3.0/go.mod h1:FU7BRWz2tNW+3quACPkgCx/L+uEAv1htQ0V83Z9Rj+Y=
